// !$*UTF8*$!
{
	archiveVersion = 1;
	classes = {
	};
	objectVersion = 77;
	objects = {

/* Begin PBXBuildFile section */
		000000000000000000000101 /* main.swift in Sources */ = {isa = PBXBuildFile; fileRef = 000000000000000000000201 /* main.swift */; };
		000000000000000000000102 /* AppDelegate.swift in Sources */ = {isa = PBXBuildFile; fileRef = 000000000000000000000202 /* AppDelegate.swift */; };
		000000000000000000000103 /* MainMenuBuilder.swift in Sources */ = {isa = PBXBuildFile; fileRef = 000000000000000000000203 /* MainMenuBuilder.swift */; };
		000000000000000000000104 /* WriteDocumentState.swift in Sources */ = {isa = PBXBuildFile; fileRef = 000000000000000000000204 /* WriteDocumentState.swift */; };
		000000000000000000000105 /* WriteDocument.swift in Sources */ = {isa = PBXBuildFile; fileRef = 000000000000000000000205 /* WriteDocument.swift */; };
		000000000000000000000106 /* WriteWindowController.swift in Sources */ = {isa = PBXBuildFile; fileRef = 000000000000000000000206 /* WriteWindowController.swift */; };
		000000000000000000000107 /* WriteViewController.swift in Sources */ = {isa = PBXBuildFile; fileRef = 000000000000000000000207 /* WriteViewController.swift */; };
		000000000000000000000108 /* Assets.xcassets in Resources */ = {isa = PBXBuildFile; fileRef = 000000000000000000000208 /* Assets.xcassets */; };
		000000000000000000000109 /* Localizable.strings in Resources */ = {isa = PBXBuildFile; fileRef = 000000000000000000000300 /* Localizable.strings */; };
		000000000000000000000110 /* SenovativeKit in Frameworks */ = {isa = PBXBuildFile; productRef = 000000000000000000000401 /* SenovativeKit */; };
		000000000000000000000111 /* SenovativeUI in Frameworks */ = {isa = PBXBuildFile; productRef = 000000000000000000000402 /* SenovativeUI */; };
/* End PBXBuildFile section */

/* Begin PBXFileReference section */
		000000000000000000000001 /* SenovativeWrite.app */ = {isa = PBXFileReference; explicitFileType = wrapper.application; includeInIndex = 0; path = SenovativeWrite.app; sourceTree = BUILT_PRODUCTS_DIR; };
		000000000000000000000201 /* main.swift */ = {isa = PBXFileReference; lastKnownFileType = sourcecode.swift; path = main.swift; sourceTree = "<group>"; };
		000000000000000000000202 /* AppDelegate.swift */ = {isa = PBXFileReference; lastKnownFileType = sourcecode.swift; path = AppDelegate.swift; sourceTree = "<group>"; };
		000000000000000000000203 /* MainMenuBuilder.swift */ = {isa = PBXFileReference; lastKnownFileType = sourcecode.swift; path = MainMenuBuilder.swift; sourceTree = "<group>"; };
		000000000000000000000204 /* WriteDocumentState.swift */ = {isa = PBXFileReference; lastKnownFileType = sourcecode.swift; path = WriteDocumentState.swift; sourceTree = "<group>"; };
		000000000000000000000205 /* WriteDocument.swift */ = {isa = PBXFileReference; lastKnownFileType = sourcecode.swift; path = WriteDocument.swift; sourceTree = "<group>"; };
		000000000000000000000206 /* WriteWindowController.swift */ = {isa = PBXFileReference; lastKnownFileType = sourcecode.swift; path = WriteWindowController.swift; sourceTree = "<group>"; };
		000000000000000000000207 /* WriteViewController.swift */ = {isa = PBXFileReference; lastKnownFileType = sourcecode.swift; path = WriteViewController.swift; sourceTree = "<group>"; };
		000000000000000000000208 /* Assets.xcassets */ = {isa = PBXFileReference; lastKnownFileType = folder.assetcatalog; path = Assets.xcassets; sourceTree = "<group>"; };
		000000000000000000000209 /* Info.plist */ = {isa = PBXFileReference; lastKnownFileType = text.plist.xml; path = Info.plist; sourceTree = "<group>"; };
		000000000000000000000210 /* SenovativeWrite.entitlements */ = {isa = PBXFileReference; lastKnownFileType = text.plist.entitlements; path = SenovativeWrite.entitlements; sourceTree = "<group>"; };
		000000000000000000000301 /* en */ = {isa = PBXFileReference; lastKnownFileType = text.plist.strings; name = en; path = en.lproj/Localizable.strings; sourceTree = "<group>"; };
		000000000000000000000302 /* id */ = {isa = PBXFileReference; lastKnownFileType = text.plist.strings; name = id; path = id.lproj/Localizable.strings; sourceTree = "<group>"; };
/* End PBXFileReference section */

/* Begin PBXFrameworksBuildPhase section */
		000000000000000000000501 /* Frameworks */ = {
			isa = PBXFrameworksBuildPhase;
			buildActionMask = 2147483647;
			files = (
				000000000000000000000110 /* SenovativeKit in Frameworks */,
				000000000000000000000111 /* SenovativeUI in Frameworks */,
			);
			runOnlyForDeploymentPostprocessing = 0;
		};
/* End PBXFrameworksBuildPhase section */

/* Begin PBXGroup section */
		000000000000000000000601 = {
			isa = PBXGroup;
			children = (
				000000000000000000000602 /* Sources */,
				000000000000000000000603 /* Resources */,
				000000000000000000000604 /* Products */,
			);
			sourceTree = "<group>";
		};
		000000000000000000000602 /* Sources */ = {
			isa = PBXGroup;
			children = (
				000000000000000000000201 /* main.swift */,
				000000000000000000000202 /* AppDelegate.swift */,
				000000000000000000000203 /* MainMenuBuilder.swift */,
				000000000000000000000204 /* WriteDocumentState.swift */,
				000000000000000000000205 /* WriteDocument.swift */,
				000000000000000000000206 /* WriteWindowController.swift */,
				000000000000000000000207 /* WriteViewController.swift */,
			);
			path = Sources;
			sourceTree = "<group>";
		};
		000000000000000000000603 /* Resources */ = {
			isa = PBXGroup;
			children = (
				000000000000000000000208 /* Assets.xcassets */,
				000000000000000000000209 /* Info.plist */,
				000000000000000000000210 /* SenovativeWrite.entitlements */,
				000000000000000000000300 /* Localizable.strings */,
			);
			path = Resources;
			sourceTree = "<group>";
		};
		000000000000000000000604 /* Products */ = {
			isa = PBXGroup;
			children = (
				000000000000000000000001 /* SenovativeWrite.app */,
			);
			name = Products;
			sourceTree = "<group>";
		};
/* End PBXGroup section */

/* Begin PBXNativeTarget section */
		000000000000000000000701 /* SenovativeWrite */ = {
			isa = PBXNativeTarget;
			buildConfigurationList = 000000000000000000000801 /* Build configuration list for PBXNativeTarget "SenovativeWrite" */;
			buildPhases = (
				000000000000000000000901 /* Sources */,
				000000000000000000000501 /* Frameworks */,
				000000000000000000000902 /* Resources */,
			);
			buildRules = (
			);
			dependencies = (
			);
			name = SenovativeWrite;
			packageProductDependencies = (
				000000000000000000000401 /* SenovativeKit */,
				000000000000000000000402 /* SenovativeUI */,
			);
			productName = SenovativeWrite;
			productReference = 000000000000000000000001 /* SenovativeWrite.app */;
			productType = "com.apple.product-type.application";
		};
/* End PBXNativeTarget section */

/* Begin PBXProject section */
		000000000000000000000A01 /* Project object */ = {
			isa = PBXProject;
			attributes = {
				BuildIndependentTargetsInParallel = 1;
				LastSwiftUpdateCheck = 2660;
				LastUpgradeCheck = 2660;
				TargetAttributes = {
					000000000000000000000701 = {
						CreatedOnToolsVersion = 26.6;
					};
				};
			};
			buildConfigurationList = 000000000000000000000802 /* Build configuration list for PBXProject "SenovativeWrite" */;
			developmentRegion = en;
			hasScannedForEncodings = 0;
			knownRegions = (
				en,
				id,
				Base,
			);
			mainGroup = 000000000000000000000601;
			minimizedProjectReferenceProxies = 1;
			packageReferences = (
				000000000000000000000403 /* XCLocalSwiftPackageReference "../../Packages/SenovativeKit" */,
				000000000000000000000404 /* XCLocalSwiftPackageReference "../../Packages/SenovativeUI" */,
			);
			preferredProjectObjectVersion = 77;
			productRefGroup = 000000000000000000000604 /* Products */;
			projectDirPath = "";
			projectRoot = "";
			targets = (
				000000000000000000000701 /* SenovativeWrite */,
			);
		};
/* End PBXProject section */

/* Begin PBXResourcesBuildPhase section */
		000000000000000000000902 /* Resources */ = {
			isa = PBXResourcesBuildPhase;
			buildActionMask = 2147483647;
			files = (
				000000000000000000000108 /* Assets.xcassets in Resources */,
				000000000000000000000109 /* Localizable.strings in Resources */,
			);
			runOnlyForDeploymentPostprocessing = 0;
		};
/* End PBXResourcesBuildPhase section */

/* Begin PBXSourcesBuildPhase section */
		000000000000000000000901 /* Sources */ = {
			isa = PBXSourcesBuildPhase;
			buildActionMask = 2147483647;
			files = (
				000000000000000000000101 /* main.swift in Sources */,
				000000000000000000000102 /* AppDelegate.swift in Sources */,
				000000000000000000000103 /* MainMenuBuilder.swift in Sources */,
				000000000000000000000104 /* WriteDocumentState.swift in Sources */,
				000000000000000000000105 /* WriteDocument.swift in Sources */,
				000000000000000000000106 /* WriteWindowController.swift in Sources */,
				000000000000000000000107 /* WriteViewController.swift in Sources */,
			);
			runOnlyForDeploymentPostprocessing = 0;
		};
/* End PBXSourcesBuildPhase section */

/* Begin PBXVariantGroup section */
		000000000000000000000300 /* Localizable.strings */ = {
			isa = PBXVariantGroup;
			children = (
				000000000000000000000301 /* en */,
				000000000000000000000302 /* id */,
			);
			name = Localizable.strings;
			sourceTree = "<group>";
		};
/* End PBXVariantGroup section */

/* Begin XCBuildConfiguration section */
		000000000000000000000811 /* Debug */ = {
			isa = XCBuildConfiguration;
			buildSettings = {
				ALWAYS_SEARCH_USER_PATHS = NO;
				CLANG_ANALYZER_NONNULL = YES;
				CLANG_ANALYZER_NUMBER_OBJECT_CONVERSION = YES_AGGRESSIVE;
				CLANG_CXX_LANGUAGE_STANDARD = "gnu++20";
				CLANG_ENABLE_MODULES = YES;
				CLANG_ENABLE_OBJC_ARC = YES;
				CLANG_ENABLE_OBJC_WEAK = YES;
				CLANG_WARN_BLOCK_CAPTURE_AUTORELEASING = YES;
				CLANG_WARN_BOOL_CONVERSION = YES;
				CLANG_WARN_COMMA = YES;
				CLANG_WARN_CONSTANT_CONVERSION = YES;
				CLANG_WARN_DEPRECATED_OBJC_IMPLEMENTATIONS = YES;
				CLANG_WARN_DIRECT_OBJC_ISA_USAGE = YES_ERROR;
				CLANG_WARN_DOCUMENTATION_COMMENTS = YES;
				CLANG_WARN_EMPTY_BODY = YES;
				CLANG_WARN_ENUM_CONVERSION = YES;
				CLANG_WARN_INFINITE_RECURSION = YES;
				CLANG_WARN_INT_CONVERSION = YES;
				CLANG_WARN_NON_LITERAL_NULL_CONVERSION = YES;
				CLANG_WARN_OBJC_IMPLICIT_RETAIN_SELF = YES;
				CLANG_WARN_OBJC_LITERAL_CONVERSION = YES;
				CLANG_WARN_OBJC_ROOT_CLASS = YES_ERROR;
				CLANG_WARN_QUOTED_INCLUDE_IN_FRAMEWORK_HEADER = YES;
				CLANG_WARN_RANGE_LOOP_ANALYSIS = YES;
				CLANG_WARN_STRICT_PROTOTYPES = YES;
				CLANG_WARN_SUSPICIOUS_MOVE = YES;
				CLANG_WARN_UNGUARDED_AVAILABILITY = YES_AGGRESSIVE;
				CLANG_WARN_UNREACHABLE_CODE = YES;
				CLANG_WARN__DUPLICATE_METHOD_MATCH = YES;
				COPY_PHASE_STRIP = NO;
				DEBUG_INFORMATION_FORMAT = dwarf;
				ENABLE_STRICT_OBJC_MSGSEND = YES;
				ENABLE_TESTABILITY = YES;
				GCC_C_LANGUAGE_STANDARD = gnu17;
				GCC_DYNAMIC_NO_PIC = NO;
				GCC_NO_COMMON_BLOCKS = YES;
				GCC_OPTIMIZATION_LEVEL = 0;
				GCC_PREPROCESSOR_DEFINITIONS = (
					"DEBUG=1",
					"$(inherited)",
				);
				GCC_WARN_64_TO_32_BIT_CONVERSION = YES;
				GCC_WARN_ABOUT_RETURN_TYPE = YES_ERROR;
				GCC_WARN_UNDECLARED_SELECTOR = YES;
				GCC_WARN_UNINITIALIZED_AUTOS = YES_AGGRESSIVE;
				GCC_WARN_UNUSED_FUNCTION = YES;
				GCC_WARN_UNUSED_VARIABLE = YES;
				MACOSX_DEPLOYMENT_TARGET = 14.0;
				MTL_ENABLE_DEBUG_INFO = INCLUDE_SOURCE;
				MTL_FAST_MATH = YES;
				ONLY_ACTIVE_ARCH = YES;
				SDKROOT = macosx;
				SWIFT_ACTIVE_COMPILATION_CONDITIONS = "DEBUG $(inherited)";
				SWIFT_OPTIMIZATION_LEVEL = "-Onone";
			};
			name = Debug;
		};
		000000000000000000000812 /* Release */ = {
			isa = XCBuildConfiguration;
			buildSettings = {
				ALWAYS_SEARCH_USER_PATHS = NO;
				CLANG_ANALYZER_NONNULL = YES;
				CLANG_ANALYZER_NUMBER_OBJECT_CONVERSION = YES_AGGRESSIVE;
				CLANG_CXX_LANGUAGE_STANDARD = "gnu++20";
				CLANG_ENABLE_MODULES = YES;
				CLANG_ENABLE_OBJC_ARC = YES;
				CLANG_ENABLE_OBJC_WEAK = YES;
				CLANG_WARN_BLOCK_CAPTURE_AUTORELEASING = YES;
				CLANG_WARN_BOOL_CONVERSION = YES;
				CLANG_WARN_COMMA = YES;
				CLANG_WARN_CONSTANT_CONVERSION = YES;
				CLANG_WARN_DEPRECATED_OBJC_IMPLEMENTATIONS = YES;
				CLANG_WARN_DIRECT_OBJC_ISA_USAGE = YES_ERROR;
				CLANG_WARN_DOCUMENTATION_COMMENTS = YES;
				CLANG_WARN_EMPTY_BODY = YES;
				CLANG_WARN_ENUM_CONVERSION = YES;
				CLANG_WARN_INFINITE_RECURSION = YES;
				CLANG_WARN_INT_CONVERSION = YES;
				CLANG_WARN_NON_LITERAL_NULL_CONVERSION = YES;
				CLANG_WARN_OBJC_IMPLICIT_RETAIN_SELF = YES;
				CLANG_WARN_OBJC_LITERAL_CONVERSION = YES;
				CLANG_WARN_OBJC_ROOT_CLASS = YES_ERROR;
				CLANG_WARN_QUOTED_INCLUDE_IN_FRAMEWORK_HEADER = YES;
				CLANG_WARN_RANGE_LOOP_ANALYSIS = YES;
				CLANG_WARN_STRICT_PROTOTYPES = YES;
				CLANG_WARN_SUSPICIOUS_MOVE = YES;
				CLANG_WARN_UNGUARDED_AVAILABILITY = YES_AGGRESSIVE;
				CLANG_WARN_UNREACHABLE_CODE = YES;
				CLANG_WARN__DUPLICATE_METHOD_MATCH = YES;
				COPY_PHASE_STRIP = NO;
				DEBUG_INFORMATION_FORMAT = "dwarf-with-dsym";
				ENABLE_NS_ASSERTIONS = NO;
				ENABLE_STRICT_OBJC_MSGSEND = YES;
				GCC_C_LANGUAGE_STANDARD = gnu17;
				GCC_NO_COMMON_BLOCKS = YES;
				GCC_WARN_64_TO_32_BIT_CONVERSION = YES;
				GCC_WARN_ABOUT_RETURN_TYPE = YES_ERROR;
				GCC_WARN_UNDECLARED_SELECTOR = YES;
				GCC_WARN_UNINITIALIZED_AUTOS = YES_AGGRESSIVE;
				GCC_WARN_UNUSED_FUNCTION = YES;
				GCC_WARN_UNUSED_VARIABLE = YES;
				MACOSX_DEPLOYMENT_TARGET = 14.0;
				MTL_ENABLE_DEBUG_INFO = NO;
				MTL_FAST_MATH = YES;
				SDKROOT = macosx;
				SWIFT_COMPILATION_MODE = wholemodule;
				SWIFT_OPTIMIZATION_LEVEL = "-O";
			};
			name = Release;
		};
		000000000000000000000821 /* Debug */ = {
			isa = XCBuildConfiguration;
			buildSettings = {
				ARCHS = arm64;
				ASSETCATALOG_COMPILER_APPICON_NAME = AppIcon;
				ASSETCATALOG_COMPILER_GLOBAL_ACCENT_COLOR_NAME = AccentColor;
				CODE_SIGN_ENTITLEMENTS = Resources/SenovativeWrite.entitlements;
				CODE_SIGN_STYLE = Automatic;
				COMBINE_HIDPI_IMAGES = YES;
				CURRENT_PROJECT_VERSION = 1;
				DEAD_CODE_STRIPPING = YES;
				DEVELOPMENT_ASSET_PATHS = "";
				DEVELOPMENT_TEAM = "";
				ENABLE_HARDENED_RUNTIME = YES;
				ENABLE_PREVIEWS = YES;
				GENERATE_INFOPLIST_FILE = NO;
				INFOPLIST_FILE = Resources/Info.plist;
				LD_RUNPATH_SEARCH_PATHS = (
					"$(inherited)",
					"@executable_path/../Frameworks",
				);
				MACOSX_DEPLOYMENT_TARGET = 14.0;
				MARKETING_VERSION = 0.1.0;
				PRODUCT_BUNDLE_IDENTIFIER = io.senovative.office.write;
				PRODUCT_NAME = "$(TARGET_NAME)";
				REGISTER_APP_GROUPS = NO;
				SDKROOT = macosx;
				SWIFT_EMIT_LOC_STRINGS = YES;
				SWIFT_STRICT_CONCURRENCY = complete;
				SWIFT_VERSION = 6.0;
			};
			name = Debug;
		};
		000000000000000000000822 /* Release */ = {
			isa = XCBuildConfiguration;
			buildSettings = {
				ARCHS = arm64;
				ASSETCATALOG_COMPILER_APPICON_NAME = AppIcon;
				ASSETCATALOG_COMPILER_GLOBAL_ACCENT_COLOR_NAME = AccentColor;
				CODE_SIGN_ENTITLEMENTS = Resources/SenovativeWrite.entitlements;
				CODE_SIGN_STYLE = Automatic;
				COMBINE_HIDPI_IMAGES = YES;
				COPY_PHASE_STRIP = NO;
				CURRENT_PROJECT_VERSION = 1;
				DEAD_CODE_STRIPPING = YES;
				DEVELOPMENT_ASSET_PATHS = "";
				DEVELOPMENT_TEAM = "";
				ENABLE_HARDENED_RUNTIME = YES;
				GENERATE_INFOPLIST_FILE = NO;
				INFOPLIST_FILE = Resources/Info.plist;
				LD_RUNPATH_SEARCH_PATHS = (
					"$(inherited)",
					"@executable_path/../Frameworks",
				);
				MACOSX_DEPLOYMENT_TARGET = 14.0;
				MARKETING_VERSION = 0.1.0;
				PRODUCT_BUNDLE_IDENTIFIER = io.senovative.office.write;
				PRODUCT_NAME = "$(TARGET_NAME)";
				REGISTER_APP_GROUPS = NO;
				SDKROOT = macosx;
				SWIFT_EMIT_LOC_STRINGS = YES;
				SWIFT_STRICT_CONCURRENCY = complete;
				SWIFT_VERSION = 6.0;
			};
			name = Release;
		};
/* End XCBuildConfiguration section */

/* Begin XCConfigurationList section */
		000000000000000000000801 /* Build configuration list for PBXNativeTarget "SenovativeWrite" */ = {
			isa = XCConfigurationList;
			buildConfigurations = (
				000000000000000000000821 /* Debug */,
				000000000000000000000822 /* Release */,
			);
			defaultConfigurationIsVisible = 0;
			defaultConfigurationName = Release;
		};
		000000000000000000000802 /* Build configuration list for PBXProject "SenovativeWrite" */ = {
			isa = XCConfigurationList;
			buildConfigurations = (
				000000000000000000000811 /* Debug */,
				000000000000000000000812 /* Release */,
			);
			defaultConfigurationIsVisible = 0;
			defaultConfigurationName = Release;
		};
/* End XCConfigurationList section */

/* Begin XCLocalSwiftPackageReference section */
		000000000000000000000403 /* XCLocalSwiftPackageReference "../../Packages/SenovativeKit" */ = {
			isa = XCLocalSwiftPackageReference;
			relativePath = ../../Packages/SenovativeKit;
		};
		000000000000000000000404 /* XCLocalSwiftPackageReference "../../Packages/SenovativeUI" */ = {
			isa = XCLocalSwiftPackageReference;
			relativePath = ../../Packages/SenovativeUI;
		};
/* End XCLocalSwiftPackageReference section */

/* Begin XCSwiftPackageProductDependency section */
		000000000000000000000401 /* SenovativeKit */ = {
			isa = XCSwiftPackageProductDependency;
			productName = SenovativeKit;
		};
		000000000000000000000402 /* SenovativeUI */ = {
			isa = XCSwiftPackageProductDependency;
			productName = SenovativeUI;
		};
/* End XCSwiftPackageProductDependency section */
	};
	rootObject = 000000000000000000000A01 /* Project object */;
}
